
Microsoft Visual Studio Solution File, Format Version 12.00
# Visual Studio Version 16
VisualStudioVersion = 16.0.29911.84
MinimumVisualStudioVersion = 10.0.40219.1
Project("{8BC9CEB8-8B4A-11D0-8D11-00A0C91BC942}") = "Sandbox", "Sandbox\Sandbox.vcxproj", "{5067625A-E1FD-4B21-8C9A-31D7A049092C}"
EndProject
Project("{8BC9CEB8-8B4A-11D0-8D11-00A0C91BC942}") = "Hazel", "Hazel\Hazel.vcxproj", "{B9853DB2-CD03-40AB-9D0F-C43A6DB64538}"
EndProject
Global
	GlobalSection(SolutionConfigurationPlatforms) = preSolution
		Debug|x64 = Debug|x64
		Release|x64 = Release|x64
	EndGlobalSection
	GlobalSection(ProjectConfigurationPlatforms) = postSolution
		{B9853DB2-CD03-40AB-9D0F-C43A6DB64538}.Debug|x64.ActiveCfg = Debug|x64
		{B9853DB2-CD03-40AB-9D0F-C43A6DB64538}.Debug|x64.Build.0 = Debug|x64
		{B9853DB2-CD03-40AB-9D0F-C43A6DB64538}.Release|x64.ActiveCfg = Release|x64
		{B9853DB2-CD03-40AB-9D0F-C43A6DB64538}.Release|x64.Build.0 = Release|x64
		{5067625A-E1FD-4B21-8C9A-31D7A049092C}.Debug|x64.ActiveCfg = Debug|x64
		{5067625A-E1FD-4B21-8C9A-31D7A049092C}.Debug|x64.Build.0 = Debug|x64
		{5067625A-E1FD-4B21-8C9A-31D7A049092C}.Release|x64.ActiveCfg = Release|x64
		{5067625A-E1FD-4B21-8C9A-31D7A049092C}.Release|x64.Build.0 = Release|x64
	EndGlobalSection
	GlobalSection(SolutionProperties) = preSolution
		HideSolutionNode = FALSE
	EndGlobalSection
	GlobalSection(ExtensibilityGlobals) = postSolution
		SolutionGuid = {664B685C-24F1-490A-A67D-D270ADC0A532}
	EndGlobalSection
EndGlobal
